
Microsoft Visual Studio Solution File, Format Version 12.00
Project("{FAE04EC0-301F-11D3-BF4B-00C04F79EFBC}") = "Lab_4.Domain", "Lab_4.Domain\Lab_4.Domain.csproj", "{BF3CA9C2-7B47-44FD-BCAB-6A68813D557A}"
EndProject
Project("{FAE04EC0-301F-11D3-BF4B-00C04F79EFBC}") = "Lab_4.DataAccess", "Lab_4.DataAccess\Lab_4.DataAccess.csproj", "{5EFEB3CB-F51A-418E-9405-580B699847B2}"
EndProject
Project("{FAE04EC0-301F-11D3-BF4B-00C04F79EFBC}") = "Lab_4.Host", "Lab_4.Host\Lab_4.Host.csproj", "{B6B027FA-92A8-4593-91EC-88D8E7AF7065}"
EndProject
Project("{FAE04EC0-301F-11D3-BF4B-00C04F79EFBC}") = "Lab_4.Tests", "Lab_4.Tests\Lab_4.Tests.csproj", "{4E73FA2B-CC1F-4052-9F2D-5A2C01054097}"
EndProject
Global
	GlobalSection(SolutionConfigurationPlatforms) = preSolution
		Debug|Any CPU = Debug|Any CPU
		Release|Any CPU = Release|Any CPU
	EndGlobalSection
	GlobalSection(ProjectConfigurationPlatforms) = postSolution
		{BF3CA9C2-7B47-44FD-BCAB-6A68813D557A}.Debug|Any CPU.ActiveCfg = Debug|Any CPU
		{BF3CA9C2-7B47-44FD-BCAB-6A68813D557A}.Debug|Any CPU.Build.0 = Debug|Any CPU
		{BF3CA9C2-7B47-44FD-BCAB-6A68813D557A}.Release|Any CPU.ActiveCfg = Release|Any CPU
		{BF3CA9C2-7B47-44FD-BCAB-6A68813D557A}.Release|Any CPU.Build.0 = Release|Any CPU
		{5EFEB3CB-F51A-418E-9405-580B699847B2}.Debug|Any CPU.ActiveCfg = Debug|Any CPU
		{5EFEB3CB-F51A-418E-9405-580B699847B2}.Debug|Any CPU.Build.0 = Debug|Any CPU
		{5EFEB3CB-F51A-418E-9405-580B699847B2}.Release|Any CPU.ActiveCfg = Release|Any CPU
		{5EFEB3CB-F51A-418E-9405-580B699847B2}.Release|Any CPU.Build.0 = Release|Any CPU
		{B6B027FA-92A8-4593-91EC-88D8E7AF7065}.Debug|Any CPU.ActiveCfg = Debug|Any CPU
		{B6B027FA-92A8-4593-91EC-88D8E7AF7065}.Debug|Any CPU.Build.0 = Debug|Any CPU
		{B6B027FA-92A8-4593-91EC-88D8E7AF7065}.Release|Any CPU.ActiveCfg = Release|Any CPU
		{B6B027FA-92A8-4593-91EC-88D8E7AF7065}.Release|Any CPU.Build.0 = Release|Any CPU
		{4E73FA2B-CC1F-4052-9F2D-5A2C01054097}.Debug|Any CPU.ActiveCfg = Debug|Any CPU
		{4E73FA2B-CC1F-4052-9F2D-5A2C01054097}.Debug|Any CPU.Build.0 = Debug|Any CPU
		{4E73FA2B-CC1F-4052-9F2D-5A2C01054097}.Release|Any CPU.ActiveCfg = Release|Any CPU
		{4E73FA2B-CC1F-4052-9F2D-5A2C01054097}.Release|Any CPU.Build.0 = Release|Any CPU
	EndGlobalSection
EndGlobal
